// !$*UTF8*$!
{
	archiveVersion = 1;
	classes = {
	};
	objectVersion = 46;
	objects = {

/* Begin PBXBuildFile section */
		3734C7F51A1B04F3006EF25D /* ProductsCatalogVC.swift in Sources */ = {isa = PBXBuildFile; fileRef = 3734C7F41A1B04F3006EF25D /* ProductsCatalogVC.swift */; };
		3734C7F71A1B0D4C006EF25D /* ProductCell.swift in Sources */ = {isa = PBXBuildFile; fileRef = 3734C7F61A1B0D4C006EF25D /* ProductCell.swift */; };
		3734C7F91A1B0DAC006EF25D /* Product.swift in Sources */ = {isa = PBXBuildFile; fileRef = 3734C7F81A1B0DAC006EF25D /* Product.swift */; };
		37F091621A1AF5BD006CC4DF /* ShoppingListVC.swift in Sources */ = {isa = PBXBuildFile; fileRef = 37F091611A1AF5BD006CC4DF /* ShoppingListVC.swift */; };
		3E2CC6161A203E0D00A88253 /* ShoppingCell.swift in Sources */ = {isa = PBXBuildFile; fileRef = 3E2CC6151A203E0D00A88253 /* ShoppingCell.swift */; };
		3E42E5BB1A25EE0C00E781EB /* sampleBusinessPhoto.png in Resources */ = {isa = PBXBuildFile; fileRef = 3E42E5BA1A25EE0C00E781EB /* sampleBusinessPhoto.png */; };
		3EA3A45A1A187A3A002C0CE7 /* 76.jpg in Resources */ = {isa = PBXBuildFile; fileRef = 3EA3A4411A187A3A002C0CE7 /* 76.jpg */; };
		3EA3A45B1A187A3A002C0CE7 /* 100.jpg in Resources */ = {isa = PBXBuildFile; fileRef = 3EA3A4421A187A3A002C0CE7 /* 100.jpg */; };
		3EA3A45C1A187A3A002C0CE7 /* AboutMeVC.swift in Sources */ = {isa = PBXBuildFile; fileRef = 3EA3A4431A187A3A002C0CE7 /* AboutMeVC.swift */; };
		3EA3A45D1A187A3A002C0CE7 /* allsups.png in Resources */ = {isa = PBXBuildFile; fileRef = 3EA3A4441A187A3A002C0CE7 /* allsups.png */; };
		3EA3A45E1A187A3A002C0CE7 /* arco.png in Resources */ = {isa = PBXBuildFile; fileRef = 3EA3A4451A187A3A002C0CE7 /* arco.png */; };
		3EA3A45F1A187A3A002C0CE7 /* Business.swift in Sources */ = {isa = PBXBuildFile; fileRef = 3EA3A4461A187A3A002C0CE7 /* Business.swift */; };
		3EA3A4601A187A3A002C0CE7 /* chevron.jpg in Resources */ = {isa = PBXBuildFile; fileRef = 3EA3A4471A187A3A002C0CE7 /* chevron.jpg */; };
		3EA3A4611A187A3A002C0CE7 /* circleK.png in Resources */ = {isa = PBXBuildFile; fileRef = 3EA3A4481A187A3A002C0CE7 /* circleK.png */; };
		3EA3A4621A187A3A002C0CE7 /* costco.jpg in Resources */ = {isa = PBXBuildFile; fileRef = 3EA3A4491A187A3A002C0CE7 /* costco.jpg */; };
		3EA3A4631A187A3A002C0CE7 /* Details.swift in Sources */ = {isa = PBXBuildFile; fileRef = 3EA3A44A1A187A3A002C0CE7 /* Details.swift */; };
		3EA3A4641A187A3A002C0CE7 /* FeaturedVC.swift in Sources */ = {isa = PBXBuildFile; fileRef = 3EA3A44B1A187A3A002C0CE7 /* FeaturedVC.swift */; };
		3EA3A4661A187A3A002C0CE7 /* food4less.png in Resources */ = {isa = PBXBuildFile; fileRef = 3EA3A44D1A187A3A002C0CE7 /* food4less.png */; };
		3EA3A4671A187A3A002C0CE7 /* genericGas.png in Resources */ = {isa = PBXBuildFile; fileRef = 3EA3A44E1A187A3A002C0CE7 /* genericGas.png */; };
		3EA3A4681A187A3A002C0CE7 /* LoginVC.swift in Sources */ = {isa = PBXBuildFile; fileRef = 3EA3A44F1A187A3A002C0CE7 /* LoginVC.swift */; };
		3EA3A4691A187A3A002C0CE7 /* MainBoardVC.swift in Sources */ = {isa = PBXBuildFile; fileRef = 3EA3A4501A187A3A002C0CE7 /* MainBoardVC.swift */; };
		3EA3A46A1A187A3A002C0CE7 /* mobil.jpg in Resources */ = {isa = PBXBuildFile; fileRef = 3EA3A4511A187A3A002C0CE7 /* mobil.jpg */; };
		3EA3A46B1A187A3A002C0CE7 /* ResultCell.swift in Sources */ = {isa = PBXBuildFile; fileRef = 3EA3A4521A187A3A002C0CE7 /* ResultCell.swift */; };
		3EA3A46D1A187A3A002C0CE7 /* SearchVC.swift in Sources */ = {isa = PBXBuildFile; fileRef = 3EA3A4541A187A3A002C0CE7 /* SearchVC.swift */; };
		3EA3A46E1A187A3A002C0CE7 /* shell.jpg in Resources */ = {isa = PBXBuildFile; fileRef = 3EA3A4551A187A3A002C0CE7 /* shell.jpg */; };
		3EA3A46F1A187A3A002C0CE7 /* SignupVC.swift in Sources */ = {isa = PBXBuildFile; fileRef = 3EA3A4561A187A3A002C0CE7 /* SignupVC.swift */; };
		3EA3A4701A187A3A002C0CE7 /* thrifty.png in Resources */ = {isa = PBXBuildFile; fileRef = 3EA3A4571A187A3A002C0CE7 /* thrifty.png */; };
		3EA3A4711A187A3A002C0CE7 /* WelcomeVC.swift in Sources */ = {isa = PBXBuildFile; fileRef = 3EA3A4581A187A3A002C0CE7 /* WelcomeVC.swift */; };
		3EA3A4721A187A3A002C0CE7 /* westerGas.png in Resources */ = {isa = PBXBuildFile; fileRef = 3EA3A4591A187A3A002C0CE7 /* westerGas.png */; };
		3EA3A4741A187AD5002C0CE7 /* CoreLocation.framework in Frameworks */ = {isa = PBXBuildFile; fileRef = 3EA3A4731A187AD5002C0CE7 /* CoreLocation.framework */; };
		3EA542AC1A1870A200BDFCBC /* AppDelegate.swift in Sources */ = {isa = PBXBuildFile; fileRef = 3EA542AB1A1870A200BDFCBC /* AppDelegate.swift */; };
		3EA542B31A1870A200BDFCBC /* Main.storyboard in Resources */ = {isa = PBXBuildFile; fileRef = 3EA542B11A1870A200BDFCBC /* Main.storyboard */; };
		3EA542B51A1870A200BDFCBC /* Images.xcassets in Resources */ = {isa = PBXBuildFile; fileRef = 3EA542B41A1870A200BDFCBC /* Images.xcassets */; };
		3EA542B81A1870A200BDFCBC /* LaunchScreen.xib in Resources */ = {isa = PBXBuildFile; fileRef = 3EA542B61A1870A200BDFCBC /* LaunchScreen.xib */; };
		3EA542C41A1870A200BDFCBC /* ShopBuddyTests.swift in Sources */ = {isa = PBXBuildFile; fileRef = 3EA542C31A1870A200BDFCBC /* ShopBuddyTests.swift */; };
		3EE66AB91A1D9AE6007B3106 /* ShortestPathVC.swift in Sources */ = {isa = PBXBuildFile; fileRef = 3EE66AB81A1D9AE6007B3106 /* ShortestPathVC.swift */; };
		3EE66ABB1A1D9B4D007B3106 /* ShortestPathCell.swift in Sources */ = {isa = PBXBuildFile; fileRef = 3EE66ABA1A1D9B4D007B3106 /* ShortestPathCell.swift */; };
		5C62412E1A23C6F000DBD597 /* Filter.swift in Sources */ = {isa = PBXBuildFile; fileRef = 5C62412D1A23C6F000DBD597 /* Filter.swift */; };
/* End PBXBuildFile section */

/* Begin PBXContainerItemProxy section */
		3EA542BE1A1870A200BDFCBC /* PBXContainerItemProxy */ = {
			isa = PBXContainerItemProxy;
			containerPortal = 3EA5429E1A1870A200BDFCBC /* Project object */;
			proxyType = 1;
			remoteGlobalIDString = 3EA542A51A1870A200BDFCBC;
			remoteInfo = ShopBuddy;
		};
/* End PBXContainerItemProxy section */

/* Begin PBXFileReference section */
		3734C7F41A1B04F3006EF25D /* ProductsCatalogVC.swift */ = {isa = PBXFileReference; fileEncoding = 4; lastKnownFileType = sourcecode.swift; path = ProductsCatalogVC.swift; sourceTree = "<group>"; };
		3734C7F61A1B0D4C006EF25D /* ProductCell.swift */ = {isa = PBXFileReference; fileEncoding = 4; lastKnownFileType = sourcecode.swift; path = ProductCell.swift; sourceTree = "<group>"; };
		3734C7F81A1B0DAC006EF25D /* Product.swift */ = {isa = PBXFileReference; fileEncoding = 4; lastKnownFileType = sourcecode.swift; path = Product.swift; sourceTree = "<group>"; };
		37F091611A1AF5BD006CC4DF /* ShoppingListVC.swift */ = {isa = PBXFileReference; fileEncoding = 4; lastKnownFileType = sourcecode.swift; path = ShoppingListVC.swift; sourceTree = "<group>"; };
		3E2CC6151A203E0D00A88253 /* ShoppingCell.swift */ = {isa = PBXFileReference; fileEncoding = 4; lastKnownFileType = sourcecode.swift; path = ShoppingCell.swift; sourceTree = "<group>"; };
		3E42E5BA1A25EE0C00E781EB /* sampleBusinessPhoto.png */ = {isa = PBXFileReference; lastKnownFileType = image.png; path = sampleBusinessPhoto.png; sourceTree = "<group>"; };
		3EA3A4411A187A3A002C0CE7 /* 76.jpg */ = {isa = PBXFileReference; lastKnownFileType = image.jpeg; path = 76.jpg; sourceTree = "<group>"; };
		3EA3A4421A187A3A002C0CE7 /* 100.jpg */ = {isa = PBXFileReference; lastKnownFileType = image.jpeg; path = 100.jpg; sourceTree = "<group>"; };
		3EA3A4431A187A3A002C0CE7 /* AboutMeVC.swift */ = {isa = PBXFileReference; fileEncoding = 4; lastKnownFileType = sourcecode.swift; path = AboutMeVC.swift; sourceTree = "<group>"; };
		3EA3A4441A187A3A002C0CE7 /* allsups.png */ = {isa = PBXFileReference; lastKnownFileType = image.png; path = allsups.png; sourceTree = "<group>"; };
		3EA3A4451A187A3A002C0CE7 /* arco.png */ = {isa = PBXFileReference; lastKnownFileType = image.png; path = arco.png; sourceTree = "<group>"; };
		3EA3A4461A187A3A002C0CE7 /* Business.swift */ = {isa = PBXFileReference; fileEncoding = 4; lastKnownFileType = sourcecode.swift; path = Business.swift; sourceTree = "<group>"; };
		3EA3A4471A187A3A002C0CE7 /* chevron.jpg */ = {isa = PBXFileReference; lastKnownFileType = image.jpeg; path = chevron.jpg; sourceTree = "<group>"; };
		3EA3A4481A187A3A002C0CE7 /* circleK.png */ = {isa = PBXFileReference; lastKnownFileType = image.png; path = circleK.png; sourceTree = "<group>"; };
		3EA3A4491A187A3A002C0CE7 /* costco.jpg */ = {isa = PBXFileReference; lastKnownFileType = image.jpeg; path = costco.jpg; sourceTree = "<group>"; };
		3EA3A44A1A187A3A002C0CE7 /* Details.swift */ = {isa = PBXFileReference; fileEncoding = 4; lastKnownFileType = sourcecode.swift; path = Details.swift; sourceTree = "<group>"; };
		3EA3A44B1A187A3A002C0CE7 /* FeaturedVC.swift */ = {isa = PBXFileReference; fileEncoding = 4; lastKnownFileType = sourcecode.swift; path = FeaturedVC.swift; sourceTree = "<group>"; };
		3EA3A44D1A187A3A002C0CE7 /* food4less.png */ = {isa = PBXFileReference; lastKnownFileType = image.png; path = food4less.png; sourceTree = "<group>"; };
		3EA3A44E1A187A3A002C0CE7 /* genericGas.png */ = {isa = PBXFileReference; lastKnownFileType = image.png; path = genericGas.png; sourceTree = "<group>"; };
		3EA3A44F1A187A3A002C0CE7 /* LoginVC.swift */ = {isa = PBXFileReference; fileEncoding = 4; lastKnownFileType = sourcecode.swift; path = LoginVC.swift; sourceTree = "<group>"; };
		3EA3A4501A187A3A002C0CE7 /* MainBoardVC.swift */ = {isa = PBXFileReference; fileEncoding = 4; lastKnownFileType = sourcecode.swift; path = MainBoardVC.swift; sourceTree = "<group>"; };
		3EA3A4511A187A3A002C0CE7 /* mobil.jpg */ = {isa = PBXFileReference; lastKnownFileType = image.jpeg; path = mobil.jpg; sourceTree = "<group>"; };
		3EA3A4521A187A3A002C0CE7 /* ResultCell.swift */ = {isa = PBXFileReference; fileEncoding = 4; lastKnownFileType = sourcecode.swift; path = ResultCell.swift; sourceTree = "<group>"; };
		3EA3A4541A187A3A002C0CE7 /* SearchVC.swift */ = {isa = PBXFileReference; fileEncoding = 4; lastKnownFileType = sourcecode.swift; path = SearchVC.swift; sourceTree = "<group>"; };
		3EA3A4551A187A3A002C0CE7 /* shell.jpg */ = {isa = PBXFileReference; lastKnownFileType = image.jpeg; path = shell.jpg; sourceTree = "<group>"; };
		3EA3A4561A187A3A002C0CE7 /* SignupVC.swift */ = {isa = PBXFileReference; fileEncoding = 4; lastKnownFileType = sourcecode.swift; path = SignupVC.swift; sourceTree = "<group>"; };
		3EA3A4571A187A3A002C0CE7 /* thrifty.png */ = {isa = PBXFileReference; lastKnownFileType = image.png; path = thrifty.png; sourceTree = "<group>"; };
		3EA3A4581A187A3A002C0CE7 /* WelcomeVC.swift */ = {isa = PBXFileReference; fileEncoding = 4; lastKnownFileType = sourcecode.swift; path = WelcomeVC.swift; sourceTree = "<group>"; };
		3EA3A4591A187A3A002C0CE7 /* westerGas.png */ = {isa = PBXFileReference; lastKnownFileType = image.png; path = westerGas.png; sourceTree = "<group>"; };
		3EA3A4731A187AD5002C0CE7 /* CoreLocation.framework */ = {isa = PBXFileReference; lastKnownFileType = wrapper.framework; name = CoreLocation.framework; path = System/Library/Frameworks/CoreLocation.framework; sourceTree = SDKROOT; };
		3EA542A61A1870A200BDFCBC /* ShopBuddy.app */ = {isa = PBXFileReference; explicitFileType = wrapper.application; includeInIndex = 0; path = ShopBuddy.app; sourceTree = BUILT_PRODUCTS_DIR; };
		3EA542AA1A1870A200BDFCBC /* Info.plist */ = {isa = PBXFileReference; lastKnownFileType = text.plist.xml; path = Info.plist; sourceTree = "<group>"; };
		3EA542AB1A1870A200BDFCBC /* AppDelegate.swift */ = {isa = PBXFileReference; lastKnownFileType = sourcecode.swift; path = AppDelegate.swift; sourceTree = "<group>"; };
		3EA542B21A1870A200BDFCBC /* Base */ = {isa = PBXFileReference; lastKnownFileType = file.storyboard; name = Base; path = Base.lproj/Main.storyboard; sourceTree = "<group>"; };
		3EA542B41A1870A200BDFCBC /* Images.xcassets */ = {isa = PBXFileReference; lastKnownFileType = folder.assetcatalog; path = Images.xcassets; sourceTree = "<group>"; };
		3EA542B71A1870A200BDFCBC /* Base */ = {isa = PBXFileReference; lastKnownFileType = file.xib; name = Base; path = Base.lproj/LaunchScreen.xib; sourceTree = "<group>"; };
		3EA542BD1A1870A200BDFCBC /* ShopBuddyTests.xctest */ = {isa = PBXFileReference; explicitFileType = wrapper.cfbundle; includeInIndex = 0; path = ShopBuddyTests.xctest; sourceTree = BUILT_PRODUCTS_DIR; };
		3EA542C21A1870A200BDFCBC /* Info.plist */ = {isa = PBXFileReference; lastKnownFileType = text.plist.xml; path = Info.plist; sourceTree = "<group>"; };
		3EA542C31A1870A200BDFCBC /* ShopBuddyTests.swift */ = {isa = PBXFileReference; lastKnownFileType = sourcecode.swift; path = ShopBuddyTests.swift; sourceTree = "<group>"; };
		3EE66AB81A1D9AE6007B3106 /* ShortestPathVC.swift */ = {isa = PBXFileReference; fileEncoding = 4; lastKnownFileType = sourcecode.swift; path = ShortestPathVC.swift; sourceTree = "<group>"; };
		3EE66ABA1A1D9B4D007B3106 /* ShortestPathCell.swift */ = {isa = PBXFileReference; fileEncoding = 4; lastKnownFileType = sourcecode.swift; path = ShortestPathCell.swift; sourceTree = "<group>"; };
		5C62412D1A23C6F000DBD597 /* Filter.swift */ = {isa = PBXFileReference; fileEncoding = 4; lastKnownFileType = sourcecode.swift; path = Filter.swift; sourceTree = "<group>"; };
/* End PBXFileReference section */

/* Begin PBXFrameworksBuildPhase section */
		3EA542A31A1870A200BDFCBC /* Frameworks */ = {
			isa = PBXFrameworksBuildPhase;
			buildActionMask = 2147483647;
			files = (
				3EA3A4741A187AD5002C0CE7 /* CoreLocation.framework in Frameworks */,
			);
			runOnlyForDeploymentPostprocessing = 0;
		};
		3EA542BA1A1870A200BDFCBC /* Frameworks */ = {
			isa = PBXFrameworksBuildPhase;
			buildActionMask = 2147483647;
			files = (
			);
			runOnlyForDeploymentPostprocessing = 0;
		};
/* End PBXFrameworksBuildPhase section */

/* Begin PBXGroup section */
		3EA5429D1A1870A200BDFCBC = {
			isa = PBXGroup;
			children = (
				3EA3A4731A187AD5002C0CE7 /* CoreLocation.framework */,
				3EA542A81A1870A200BDFCBC /* ShopBuddy */,
				3EA542C01A1870A200BDFCBC /* ShopBuddyTests */,
				3EA542A71A1870A200BDFCBC /* Products */,
			);
			sourceTree = "<group>";
		};
		3EA542A71A1870A200BDFCBC /* Products */ = {
			isa = PBXGroup;
			children = (
				3EA542A61A1870A200BDFCBC /* ShopBuddy.app */,
				3EA542BD1A1870A200BDFCBC /* ShopBuddyTests.xctest */,
			);
			name = Products;
			sourceTree = "<group>";
		};
		3EA542A81A1870A200BDFCBC /* ShopBuddy */ = {
			isa = PBXGroup;
			children = (
				3EA542B11A1870A200BDFCBC /* Main.storyboard */,
				3EA542B61A1870A200BDFCBC /* LaunchScreen.xib */,
				3EA542AB1A1870A200BDFCBC /* AppDelegate.swift */,
				3EA3A4501A187A3A002C0CE7 /* MainBoardVC.swift */,
				3EA3A44F1A187A3A002C0CE7 /* LoginVC.swift */,
				3EA3A4561A187A3A002C0CE7 /* SignupVC.swift */,
				3EA3A44B1A187A3A002C0CE7 /* FeaturedVC.swift */,
				5C62412D1A23C6F000DBD597 /* Filter.swift */,
				3EA3A4541A187A3A002C0CE7 /* SearchVC.swift */,
				3EA3A4461A187A3A002C0CE7 /* Business.swift */,
				3EA3A44A1A187A3A002C0CE7 /* Details.swift */,
				3EA3A4521A187A3A002C0CE7 /* ResultCell.swift */,
				37F091611A1AF5BD006CC4DF /* ShoppingListVC.swift */,
				3EE66AB81A1D9AE6007B3106 /* ShortestPathVC.swift */,
				3EE66ABA1A1D9B4D007B3106 /* ShortestPathCell.swift */,
				3E2CC6151A203E0D00A88253 /* ShoppingCell.swift */,
				3734C7F41A1B04F3006EF25D /* ProductsCatalogVC.swift */,
				3734C7F61A1B0D4C006EF25D /* ProductCell.swift */,
				3734C7F81A1B0DAC006EF25D /* Product.swift */,
				3EA3A4431A187A3A002C0CE7 /* AboutMeVC.swift */,
				3EA3A4581A187A3A002C0CE7 /* WelcomeVC.swift */,
				3EA542B41A1870A200BDFCBC /* Images.xcassets */,
				3EA3A4411A187A3A002C0CE7 /* 76.jpg */,
				3EA3A4421A187A3A002C0CE7 /* 100.jpg */,
				3EA3A4441A187A3A002C0CE7 /* allsups.png */,
				3EA3A4451A187A3A002C0CE7 /* arco.png */,
				3EA3A4471A187A3A002C0CE7 /* chevron.jpg */,
				3EA3A4481A187A3A002C0CE7 /* circleK.png */,
				3EA3A4491A187A3A002C0CE7 /* costco.jpg */,
				3EA3A44D1A187A3A002C0CE7 /* food4less.png */,
				3EA3A44E1A187A3A002C0CE7 /* genericGas.png */,
				3EA3A4511A187A3A002C0CE7 /* mobil.jpg */,
				3EA3A4551A187A3A002C0CE7 /* shell.jpg */,
				3EA3A4571A187A3A002C0CE7 /* thrifty.png */,
				3EA3A4591A187A3A002C0CE7 /* westerGas.png */,
				3E42E5BA1A25EE0C00E781EB /* sampleBusinessPhoto.png */,
				3EA542A91A1870A200BDFCBC /* Supporting Files */,
			);
			path = ShopBuddy;
			sourceTree = "<group>";
		};
		3EA542A91A1870A200BDFCBC /* Supporting Files */ = {
			isa = PBXGroup;
			children = (
				3EA542AA1A1870A200BDFCBC /* Info.plist */,
			);
			name = "Supporting Files";
			sourceTree = "<group>";
		};
		3EA542C01A1870A200BDFCBC /* ShopBuddyTests */ = {
			isa = PBXGroup;
			children = (
				3EA542C31A1870A200BDFCBC /* ShopBuddyTests.swift */,
				3EA542C11A1870A200BDFCBC /* Supporting Files */,
			);
			path = ShopBuddyTests;
			sourceTree = "<group>";
		};
		3EA542C11A1870A200BDFCBC /* Supporting Files */ = {
			isa = PBXGroup;
			children = (
				3EA542C21A1870A200BDFCBC /* Info.plist */,
			);
			name = "Supporting Files";
			sourceTree = "<group>";
		};
/* End PBXGroup section */

/* Begin PBXNativeTarget section */
		3EA542A51A1870A200BDFCBC /* ShopBuddy */ = {
			isa = PBXNativeTarget;
			buildConfigurationList = 3EA542C71A1870A200BDFCBC /* Build configuration list for PBXNativeTarget "ShopBuddy" */;
			buildPhases = (
				3EA542A21A1870A200BDFCBC /* Sources */,
				3EA542A31A1870A200BDFCBC /* Frameworks */,
				3EA542A41A1870A200BDFCBC /* Resources */,
			);
			buildRules = (
			);
			dependencies = (
			);
			name = ShopBuddy;
			productName = ShopBuddy;
			productReference = 3EA542A61A1870A200BDFCBC /* ShopBuddy.app */;
			productType = "com.apple.product-type.application";
		};
		3EA542BC1A1870A200BDFCBC /* ShopBuddyTests */ = {
			isa = PBXNativeTarget;
			buildConfigurationList = 3EA542CA1A1870A200BDFCBC /* Build configuration list for PBXNativeTarget "ShopBuddyTests" */;
			buildPhases = (
				3EA542B91A1870A200BDFCBC /* Sources */,
				3EA542BA1A1870A200BDFCBC /* Frameworks */,
				3EA542BB1A1870A200BDFCBC /* Resources */,
			);
			buildRules = (
			);
			dependencies = (
				3EA542BF1A1870A200BDFCBC /* PBXTargetDependency */,
			);
			name = ShopBuddyTests;
			productName = ShopBuddyTests;
			productReference = 3EA542BD1A1870A200BDFCBC /* ShopBuddyTests.xctest */;
			productType = "com.apple.product-type.bundle.unit-test";
		};
/* End PBXNativeTarget section */

/* Begin PBXProject section */
		3EA5429E1A1870A200BDFCBC /* Project object */ = {
			isa = PBXProject;
			attributes = {
				LastUpgradeCheck = 0610;
				ORGANIZATIONNAME = Fancy;
				TargetAttributes = {
					3EA542A51A1870A200BDFCBC = {
						CreatedOnToolsVersion = 6.1;
						DevelopmentTeam = PK5L3QCYXA;
					};
					3EA542BC1A1870A200BDFCBC = {
						CreatedOnToolsVersion = 6.1;
						DevelopmentTeam = PK5L3QCYXA;
						TestTargetID = 3EA542A51A1870A200BDFCBC;
					};
				};
			};
			buildConfigurationList = 3EA542A11A1870A200BDFCBC /* Build configuration list for PBXProject "ShopBuddy" */;
			compatibilityVersion = "Xcode 3.2";
			developmentRegion = English;
			hasScannedForEncodings = 0;
			knownRegions = (
				en,
				Base,
			);
			mainGroup = 3EA5429D1A1870A200BDFCBC;
			productRefGroup = 3EA542A71A1870A200BDFCBC /* Products */;
			projectDirPath = "";
			projectRoot = "";
			targets = (
				3EA542A51A1870A200BDFCBC /* ShopBuddy */,
				3EA542BC1A1870A200BDFCBC /* ShopBuddyTests */,
			);
		};
/* End PBXProject section */

/* Begin PBXResourcesBuildPhase section */
		3EA542A41A1870A200BDFCBC /* Resources */ = {
			isa = PBXResourcesBuildPhase;
			buildActionMask = 2147483647;
			files = (
				3EA3A45D1A187A3A002C0CE7 /* allsups.png in Resources */,
				3EA542B31A1870A200BDFCBC /* Main.storyboard in Resources */,
				3EA3A45E1A187A3A002C0CE7 /* arco.png in Resources */,
				3EA3A4611A187A3A002C0CE7 /* circleK.png in Resources */,
				3EA3A4621A187A3A002C0CE7 /* costco.jpg in Resources */,
				3EA3A4721A187A3A002C0CE7 /* westerGas.png in Resources */,
				3EA3A4701A187A3A002C0CE7 /* thrifty.png in Resources */,
				3EA3A45B1A187A3A002C0CE7 /* 100.jpg in Resources */,
				3EA3A4661A187A3A002C0CE7 /* food4less.png in Resources */,
				3EA542B81A1870A200BDFCBC /* LaunchScreen.xib in Resources */,
				3EA3A45A1A187A3A002C0CE7 /* 76.jpg in Resources */,
				3EA3A4671A187A3A002C0CE7 /* genericGas.png in Resources */,
				3EA3A46E1A187A3A002C0CE7 /* shell.jpg in Resources */,
				3E42E5BB1A25EE0C00E781EB /* sampleBusinessPhoto.png in Resources */,
				3EA3A46A1A187A3A002C0CE7 /* mobil.jpg in Resources */,
				3EA542B51A1870A200BDFCBC /* Images.xcassets in Resources */,
				3EA3A4601A187A3A002C0CE7 /* chevron.jpg in Resources */,
			);
			runOnlyForDeploymentPostprocessing = 0;
		};
		3EA542BB1A1870A200BDFCBC /* Resources */ = {
			isa = PBXResourcesBuildPhase;
			buildActionMask = 2147483647;
			files = (
			);
			runOnlyForDeploymentPostprocessing = 0;
		};
/* End PBXResourcesBuildPhase section */

/* Begin PBXSourcesBuildPhase section */
		3EA542A21A1870A200BDFCBC /* Sources */ = {
			isa = PBXSourcesBuildPhase;
			buildActionMask = 2147483647;
			files = (
				3EA3A46F1A187A3A002C0CE7 /* SignupVC.swift in Sources */,
				3EE66AB91A1D9AE6007B3106 /* ShortestPathVC.swift in Sources */,
				37F091621A1AF5BD006CC4DF /* ShoppingListVC.swift in Sources */,
				3EE66ABB1A1D9B4D007B3106 /* ShortestPathCell.swift in Sources */,
				3734C7F91A1B0DAC006EF25D /* Product.swift in Sources */,
				3EA3A45F1A187A3A002C0CE7 /* Business.swift in Sources */,
				3EA3A46D1A187A3A002C0CE7 /* SearchVC.swift in Sources */,
				3EA3A4711A187A3A002C0CE7 /* WelcomeVC.swift in Sources */,
				3E2CC6161A203E0D00A88253 /* ShoppingCell.swift in Sources */,
				3734C7F71A1B0D4C006EF25D /* ProductCell.swift in Sources */,
				3EA3A4691A187A3A002C0CE7 /* MainBoardVC.swift in Sources */,
				3EA3A4681A187A3A002C0CE7 /* LoginVC.swift in Sources */,
				3EA3A45C1A187A3A002C0CE7 /* AboutMeVC.swift in Sources */,
				5C62412E1A23C6F000DBD597 /* Filter.swift in Sources */,
				3EA3A46B1A187A3A002C0CE7 /* ResultCell.swift in Sources */,
				3EA3A4631A187A3A002C0CE7 /* Details.swift in Sources */,
				3EA542AC1A1870A200BDFCBC /* AppDelegate.swift in Sources */,
				3734C7F51A1B04F3006EF25D /* ProductsCatalogVC.swift in Sources */,
				3EA3A4641A187A3A002C0CE7 /* FeaturedVC.swift in Sources */,
			);
			runOnlyForDeploymentPostprocessing = 0;
		};
		3EA542B91A1870A200BDFCBC /* Sources */ = {
			isa = PBXSourcesBuildPhase;
			buildActionMask = 2147483647;
			files = (
				3EA542C41A1870A200BDFCBC /* ShopBuddyTests.swift in Sources */,
			);
			runOnlyForDeploymentPostprocessing = 0;
		};
/* End PBXSourcesBuildPhase section */

/* Begin PBXTargetDependency section */
		3EA542BF1A1870A200BDFCBC /* PBXTargetDependency */ = {
			isa = PBXTargetDependency;
			target = 3EA542A51A1870A200BDFCBC /* ShopBuddy */;
			targetProxy = 3EA542BE1A1870A200BDFCBC /* PBXContainerItemProxy */;
		};
/* End PBXTargetDependency section */

/* Begin PBXVariantGroup section */
		3EA542B11A1870A200BDFCBC /* Main.storyboard */ = {
			isa = PBXVariantGroup;
			children = (
				3EA542B21A1870A200BDFCBC /* Base */,
			);
			name = Main.storyboard;
			sourceTree = "<group>";
		};
		3EA542B61A1870A200BDFCBC /* LaunchScreen.xib */ = {
			isa = PBXVariantGroup;
			children = (
				3EA542B71A1870A200BDFCBC /* Base */,
			);
			name = LaunchScreen.xib;
			sourceTree = "<group>";
		};
/* End PBXVariantGroup section */

/* Begin XCBuildConfiguration section */
		3EA542C51A1870A200BDFCBC /* Debug */ = {
			isa = XCBuildConfiguration;
			buildSettings = {
				ALWAYS_SEARCH_USER_PATHS = NO;
				CLANG_CXX_LANGUAGE_STANDARD = "gnu++0x";
				CLANG_CXX_LIBRARY = "libc++";
				CLANG_ENABLE_MODULES = YES;
				CLANG_ENABLE_OBJC_ARC = YES;
				CLANG_WARN_BOOL_CONVERSION = YES;
				CLANG_WARN_CONSTANT_CONVERSION = YES;
				CLANG_WARN_DIRECT_OBJC_ISA_USAGE = YES_ERROR;
				CLANG_WARN_EMPTY_BODY = YES;
				CLANG_WARN_ENUM_CONVERSION = YES;
				CLANG_WARN_INT_CONVERSION = YES;
				CLANG_WARN_OBJC_ROOT_CLASS = YES_ERROR;
				CLANG_WARN_UNREACHABLE_CODE = YES;
				CLANG_WARN__DUPLICATE_METHOD_MATCH = YES;
				"CODE_SIGN_IDENTITY[sdk=iphoneos*]" = "iPhone Developer";
				COPY_PHASE_STRIP = NO;
				ENABLE_STRICT_OBJC_MSGSEND = YES;
				GCC_C_LANGUAGE_STANDARD = gnu99;
				GCC_DYNAMIC_NO_PIC = NO;
				GCC_OPTIMIZATION_LEVEL = 0;
				GCC_PREPROCESSOR_DEFINITIONS = (
					"DEBUG=1",
					"$(inherited)",
				);
				GCC_SYMBOLS_PRIVATE_EXTERN = NO;
				GCC_WARN_64_TO_32_BIT_CONVERSION = YES;
				GCC_WARN_ABOUT_RETURN_TYPE = YES_ERROR;
				GCC_WARN_UNDECLARED_SELECTOR = YES;
				GCC_WARN_UNINITIALIZED_AUTOS = YES_AGGRESSIVE;
				GCC_WARN_UNUSED_FUNCTION = YES;
				GCC_WARN_UNUSED_VARIABLE = YES;
				IPHONEOS_DEPLOYMENT_TARGET = 8.1;
				MTL_ENABLE_DEBUG_INFO = YES;
				ONLY_ACTIVE_ARCH = YES;
				SDKROOT = iphoneos;
				SWIFT_OPTIMIZATION_LEVEL = "-Onone";
			};
			name = Debug;
		};
		3EA542C61A1870A200BDFCBC /* Release */ = {
			isa = XCBuildConfiguration;
			buildSettings = {
				ALWAYS_SEARCH_USER_PATHS = NO;
				CLANG_CXX_LANGUAGE_STANDARD = "gnu++0x";
				CLANG_CXX_LIBRARY = "libc++";
				CLANG_ENABLE_MODULES = YES;
				CLANG_ENABLE_OBJC_ARC = YES;
				CLANG_WARN_BOOL_CONVERSION = YES;
				CLANG_WARN_CONSTANT_CONVERSION = YES;
				CLANG_WARN_DIRECT_OBJC_ISA_USAGE = YES_ERROR;
				CLANG_WARN_EMPTY_BODY = YES;
				CLANG_WARN_ENUM_CONVERSION = YES;
				CLANG_WARN_INT_CONVERSION = YES;
				CLANG_WARN_OBJC_ROOT_CLASS = YES_ERROR;
				CLANG_WARN_UNREACHABLE_CODE = YES;
				CLANG_WARN__DUPLICATE_METHOD_MATCH = YES;
				"CODE_SIGN_IDENTITY[sdk=iphoneos*]" = "iPhone Developer";
				COPY_PHASE_STRIP = YES;
				ENABLE_NS_ASSERTIONS = NO;
				ENABLE_STRICT_OBJC_MSGSEND = YES;
				GCC_C_LANGUAGE_STANDARD = gnu99;
				GCC_WARN_64_TO_32_BIT_CONVERSION = YES;
				GCC_WARN_ABOUT_RETURN_TYPE = YES_ERROR;
				GCC_WARN_UNDECLARED_SELECTOR = YES;
				GCC_WARN_UNINITIALIZED_AUTOS = YES_AGGRESSIVE;
				GCC_WARN_UNUSED_FUNCTION = YES;
				GCC_WARN_UNUSED_VARIABLE = YES;
				IPHONEOS_DEPLOYMENT_TARGET = 8.1;
				MTL_ENABLE_DEBUG_INFO = NO;
				SDKROOT = iphoneos;
				VALIDATE_PRODUCT = YES;
			};
			name = Release;
		};
		3EA542C81A1870A200BDFCBC /* Debug */ = {
			isa = XCBuildConfiguration;
			buildSettings = {
				ALWAYS_SEARCH_USER_PATHS = YES;
				ASSETCATALOG_COMPILER_APPICON_NAME = AppIcon;
				CODE_SIGN_IDENTITY = "iPhone Developer";
				"CODE_SIGN_IDENTITY[sdk=iphoneos*]" = "iPhone Developer";
				INFOPLIST_FILE = ShopBuddy/Info.plist;
				IPHONEOS_DEPLOYMENT_TARGET = 8.1;
				LD_RUNPATH_SEARCH_PATHS = "$(inherited) @executable_path/Frameworks";
				PRODUCT_NAME = "$(TARGET_NAME)";
				PROVISIONING_PROFILE = "";
			};
			name = Debug;
		};
		3EA542C91A1870A200BDFCBC /* Release */ = {
			isa = XCBuildConfiguration;
			buildSettings = {
				ALWAYS_SEARCH_USER_PATHS = YES;
				ASSETCATALOG_COMPILER_APPICON_NAME = AppIcon;
				CODE_SIGN_IDENTITY = "iPhone Developer";
				"CODE_SIGN_IDENTITY[sdk=iphoneos*]" = "iPhone Developer";
				INFOPLIST_FILE = ShopBuddy/Info.plist;
				IPHONEOS_DEPLOYMENT_TARGET = 8.1;
				LD_RUNPATH_SEARCH_PATHS = "$(inherited) @executable_path/Frameworks";
				PRODUCT_NAME = "$(TARGET_NAME)";
				PROVISIONING_PROFILE = "";
			};
			name = Release;
		};
		3EA542CB1A1870A200BDFCBC /* Debug */ = {
			isa = XCBuildConfiguration;
			buildSettings = {
				BUNDLE_LOADER = "$(TEST_HOST)";
				FRAMEWORK_SEARCH_PATHS = (
					"$(SDKROOT)/Developer/Library/Frameworks",
					"$(inherited)",
				);
				GCC_PREPROCESSOR_DEFINITIONS = (
					"DEBUG=1",
					"$(inherited)",
				);
				INFOPLIST_FILE = ShopBuddyTests/Info.plist;
				LD_RUNPATH_SEARCH_PATHS = "$(inherited) @executable_path/Frameworks @loader_path/Frameworks";
				PRODUCT_NAME = "$(TARGET_NAME)";
				TEST_HOST = "$(BUILT_PRODUCTS_DIR)/ShopBuddy.app/ShopBuddy";
			};
			name = Debug;
		};
		3EA542CC1A1870A200BDFCBC /* Release */ = {
			isa = XCBuildConfiguration;
			buildSettings = {
				BUNDLE_LOADER = "$(TEST_HOST)";
				FRAMEWORK_SEARCH_PATHS = (
					"$(SDKROOT)/Developer/Library/Frameworks",
					"$(inherited)",
				);
				INFOPLIST_FILE = ShopBuddyTests/Info.plist;
				LD_RUNPATH_SEARCH_PATHS = "$(inherited) @executable_path/Frameworks @loader_path/Frameworks";
				PRODUCT_NAME = "$(TARGET_NAME)";
				TEST_HOST = "$(BUILT_PRODUCTS_DIR)/ShopBuddy.app/ShopBuddy";
			};
			name = Release;
		};
/* End XCBuildConfiguration section */

/* Begin XCConfigurationList section */
		3EA542A11A1870A200BDFCBC /* Build configuration list for PBXProject "ShopBuddy" */ = {
			isa = XCConfigurationList;
			buildConfigurations = (
				3EA542C51A1870A200BDFCBC /* Debug */,
				3EA542C61A1870A200BDFCBC /* Release */,
			);
			defaultConfigurationIsVisible = 0;
			defaultConfigurationName = Release;
		};
		3EA542C71A1870A200BDFCBC /* Build configuration list for PBXNativeTarget "ShopBuddy" */ = {
			isa = XCConfigurationList;
			buildConfigurations = (
				3EA542C81A1870A200BDFCBC /* Debug */,
				3EA542C91A1870A200BDFCBC /* Release */,
			);
			defaultConfigurationIsVisible = 0;
			defaultConfigurationName = Release;
		};
		3EA542CA1A1870A200BDFCBC /* Build configuration list for PBXNativeTarget "ShopBuddyTests" */ = {
			isa = XCConfigurationList;
			buildConfigurations = (
				3EA542CB1A1870A200BDFCBC /* Debug */,
				3EA542CC1A1870A200BDFCBC /* Release */,
			);
			defaultConfigurationIsVisible = 0;
			defaultConfigurationName = Release;
		};
/* End XCConfigurationList section */
	};
	rootObject = 3EA5429E1A1870A200BDFCBC /* Project object */;
}
